
Microsoft Visual Studio Solution File, Format Version 12.00
# Visual Studio Version 17
VisualStudioVersion = 17.0.31903.59
MinimumVisualStudioVersion = 10.0.40219.1
Project("{2150E333-8FDC-42A3-9474-1A3956D46DE8}") = "src", "src", "{A200E5B8-ABB1-4C33-B8CE-475946E3A868}"
EndProject
Project("{2150E333-8FDC-42A3-9474-1A3956D46DE8}") = "tests", "tests", "{B1E0E1CE-FCBC-411D-8C08-305139F21887}"
EndProject
Project("{FAE04EC0-301F-11D3-BF4B-00C04F79EFBC}") = "RocketseatAuction.API", "src\RocketseatAuction.API\RocketseatAuction.API.csproj", "{376540D5-B751-4CB8-95C2-AEB18CBA4161}"
EndProject
Project("{FAE04EC0-301F-11D3-BF4B-00C04F79EFBC}") = "UseCase.Test", "tests\UseCase.Test\UseCase.Test.csproj", "{2CDB0220-E505-40C0-8DD0-EC0B11613D6B}"
EndProject
Global
	GlobalSection(SolutionConfigurationPlatforms) = preSolution
		Debug|Any CPU = Debug|Any CPU
		Release|Any CPU = Release|Any CPU
	EndGlobalSection
	GlobalSection(ProjectConfigurationPlatforms) = postSolution
		{376540D5-B751-4CB8-95C2-AEB18CBA4161}.Debug|Any CPU.ActiveCfg = Debug|Any CPU
		{376540D5-B751-4CB8-95C2-AEB18CBA4161}.Debug|Any CPU.Build.0 = Debug|Any CPU
		{376540D5-B751-4CB8-95C2-AEB18CBA4161}.Release|Any CPU.ActiveCfg = Release|Any CPU
		{376540D5-B751-4CB8-95C2-AEB18CBA4161}.Release|Any CPU.Build.0 = Release|Any CPU
		{2CDB0220-E505-40C0-8DD0-EC0B11613D6B}.Debug|Any CPU.ActiveCfg = Debug|Any CPU
		{2CDB0220-E505-40C0-8DD0-EC0B11613D6B}.Debug|Any CPU.Build.0 = Debug|Any CPU
		{2CDB0220-E505-40C0-8DD0-EC0B11613D6B}.Release|Any CPU.ActiveCfg = Release|Any CPU
		{2CDB0220-E505-40C0-8DD0-EC0B11613D6B}.Release|Any CPU.Build.0 = Release|Any CPU
	EndGlobalSection
	GlobalSection(SolutionProperties) = preSolution
		HideSolutionNode = FALSE
	EndGlobalSection
	GlobalSection(NestedProjects) = preSolution
		{376540D5-B751-4CB8-95C2-AEB18CBA4161} = {A200E5B8-ABB1-4C33-B8CE-475946E3A868}
		{2CDB0220-E505-40C0-8DD0-EC0B11613D6B} = {B1E0E1CE-FCBC-411D-8C08-305139F21887}
	EndGlobalSection
EndGlobal
